
Microsoft Visual Studio Solution File, Format Version 12.00
# Visual Studio Version 17
VisualStudioVersion = 17.2.32519.379
MinimumVisualStudioVersion = 10.0.40219.1
Project("{2150E333-8FDC-42A3-9474-1A3956D46DE8}") = "WebService", "WebService", "{0C4355E6-5A56-458E-8025-33353E358C77}"
EndProject
Project("{9A19103F-16F7-4668-BE54-9A1E7A4F7556}") = "Blackjack.WebService", "Source\WebService\Blackjack.WebService\Blackjack.WebService.csproj", "{435F4949-A0E4-4CA4-A5DB-D9A60B00BFFB}"
EndProject
Global
	GlobalSection(SolutionConfigurationPlatforms) = preSolution
		Debug|Any CPU = Debug|Any CPU
		Release|Any CPU = Release|Any CPU
	EndGlobalSection
	GlobalSection(ProjectConfigurationPlatforms) = postSolution
		{435F4949-A0E4-4CA4-A5DB-D9A60B00BFFB}.Debug|Any CPU.ActiveCfg = Debug|Any CPU
		{435F4949-A0E4-4CA4-A5DB-D9A60B00BFFB}.Debug|Any CPU.Build.0 = Debug|Any CPU
		{435F4949-A0E4-4CA4-A5DB-D9A60B00BFFB}.Release|Any CPU.ActiveCfg = Release|Any CPU
		{435F4949-A0E4-4CA4-A5DB-D9A60B00BFFB}.Release|Any CPU.Build.0 = Release|Any CPU
	EndGlobalSection
	GlobalSection(SolutionProperties) = preSolution
		HideSolutionNode = FALSE
	EndGlobalSection
	GlobalSection(NestedProjects) = preSolution
		{435F4949-A0E4-4CA4-A5DB-D9A60B00BFFB} = {0C4355E6-5A56-458E-8025-33353E358C77}
	EndGlobalSection
	GlobalSection(ExtensibilityGlobals) = postSolution
		SolutionGuid = {574551D1-36C6-475F-B8BB-3B1F0C5CE9EF}
	EndGlobalSection
EndGlobal
